
Microsoft Visual Studio Solution File, Format Version 12.00
# Visual Studio Version 17
VisualStudioVersion = 17.13.35931.197 d17.13
MinimumVisualStudioVersion = 10.0.40219.1
Project("{FAE04EC0-301F-11D3-BF4B-00C04F79EFBC}") = "CONUNI_GR05", "CONUNI_GR05\CONUNI_GR05.csproj", "{B0A4416C-E0AD-4C80-9EC3-1C86F947A246}"
EndProject
Global
	GlobalSection(SolutionConfigurationPlatforms) = preSolution
		Debug|Any CPU = Debug|Any CPU
		Release|Any CPU = Release|Any CPU
	EndGlobalSection
	GlobalSection(ProjectConfigurationPlatforms) = postSolution
		{B0A4416C-E0AD-4C80-9EC3-1C86F947A246}.Debug|Any CPU.ActiveCfg = Debug|Any CPU
		{B0A4416C-E0AD-4C80-9EC3-1C86F947A246}.Debug|Any CPU.Build.0 = Debug|Any CPU
		{B0A4416C-E0AD-4C80-9EC3-1C86F947A246}.Release|Any CPU.ActiveCfg = Release|Any CPU
		{B0A4416C-E0AD-4C80-9EC3-1C86F947A246}.Release|Any CPU.Build.0 = Release|Any CPU
	EndGlobalSection
	GlobalSection(SolutionProperties) = preSolution
		HideSolutionNode = FALSE
	EndGlobalSection
	GlobalSection(ExtensibilityGlobals) = postSolution
		SolutionGuid = {CCE9A7B2-F22D-446C-BD2D-60E2F7F97F65}
	EndGlobalSection
EndGlobal
